
Microsoft Visual Studio Solution File, Format Version 12.00
# Visual Studio Version 16
VisualStudioVersion = 16.0.30611.23
MinimumVisualStudioVersion = 10.0.40219.1
Project("{FAE04EC0-301F-11D3-BF4B-00C04F79EFBC}") = "Entities", "Entities\Entities.csproj", "{D3FF4163-0D1C-40C3-B6E1-8EEAF9ED9958}"
EndProject
Project("{FAE04EC0-301F-11D3-BF4B-00C04F79EFBC}") = "DataAccess", "DataAccess\DataAccess.csproj", "{2395EFF1-0A06-4C97-91BA-0300C75C749E}"
EndProject
Project("{FAE04EC0-301F-11D3-BF4B-00C04F79EFBC}") = "Business", "Business\Business.csproj", "{1039C510-2E33-4B96-B3CB-10CE7A572AD2}"
EndProject
Project("{FAE04EC0-301F-11D3-BF4B-00C04F79EFBC}") = "MvcWebUI", "MvcWebUI\MvcWebUI.csproj", "{487CA6AC-1A78-4262-A612-539769FA5294}"
EndProject
Project("{FAE04EC0-301F-11D3-BF4B-00C04F79EFBC}") = "WebAPI", "WebAPI\WebAPI.csproj", "{8EE4D0E9-197E-4B35-87B4-58933504CFBE}"
EndProject
Project("{FAE04EC0-301F-11D3-BF4B-00C04F79EFBC}") = "Core", "Core\Core.csproj", "{339B8EF7-B2A8-4554-B28B-AADBB51B7129}"
EndProject
Global
	GlobalSection(SolutionConfigurationPlatforms) = preSolution
		Debug|Any CPU = Debug|Any CPU
		Release|Any CPU = Release|Any CPU
	EndGlobalSection
	GlobalSection(ProjectConfigurationPlatforms) = postSolution
		{D3FF4163-0D1C-40C3-B6E1-8EEAF9ED9958}.Debug|Any CPU.ActiveCfg = Debug|Any CPU
		{D3FF4163-0D1C-40C3-B6E1-8EEAF9ED9958}.Debug|Any CPU.Build.0 = Debug|Any CPU
		{D3FF4163-0D1C-40C3-B6E1-8EEAF9ED9958}.Release|Any CPU.ActiveCfg = Release|Any CPU
		{D3FF4163-0D1C-40C3-B6E1-8EEAF9ED9958}.Release|Any CPU.Build.0 = Release|Any CPU
		{2395EFF1-0A06-4C97-91BA-0300C75C749E}.Debug|Any CPU.ActiveCfg = Debug|Any CPU
		{2395EFF1-0A06-4C97-91BA-0300C75C749E}.Debug|Any CPU.Build.0 = Debug|Any CPU
		{2395EFF1-0A06-4C97-91BA-0300C75C749E}.Release|Any CPU.ActiveCfg = Release|Any CPU
		{2395EFF1-0A06-4C97-91BA-0300C75C749E}.Release|Any CPU.Build.0 = Release|Any CPU
		{1039C510-2E33-4B96-B3CB-10CE7A572AD2}.Debug|Any CPU.ActiveCfg = Debug|Any CPU
		{1039C510-2E33-4B96-B3CB-10CE7A572AD2}.Debug|Any CPU.Build.0 = Debug|Any CPU
		{1039C510-2E33-4B96-B3CB-10CE7A572AD2}.Release|Any CPU.ActiveCfg = Release|Any CPU
		{1039C510-2E33-4B96-B3CB-10CE7A572AD2}.Release|Any CPU.Build.0 = Release|Any CPU
		{487CA6AC-1A78-4262-A612-539769FA5294}.Debug|Any CPU.ActiveCfg = Debug|Any CPU
		{487CA6AC-1A78-4262-A612-539769FA5294}.Debug|Any CPU.Build.0 = Debug|Any CPU
		{487CA6AC-1A78-4262-A612-539769FA5294}.Release|Any CPU.ActiveCfg = Release|Any CPU
		{487CA6AC-1A78-4262-A612-539769FA5294}.Release|Any CPU.Build.0 = Release|Any CPU
		{8EE4D0E9-197E-4B35-87B4-58933504CFBE}.Debug|Any CPU.ActiveCfg = Debug|Any CPU
		{8EE4D0E9-197E-4B35-87B4-58933504CFBE}.Debug|Any CPU.Build.0 = Debug|Any CPU
		{8EE4D0E9-197E-4B35-87B4-58933504CFBE}.Release|Any CPU.ActiveCfg = Release|Any CPU
		{8EE4D0E9-197E-4B35-87B4-58933504CFBE}.Release|Any CPU.Build.0 = Release|Any CPU
		{339B8EF7-B2A8-4554-B28B-AADBB51B7129}.Debug|Any CPU.ActiveCfg = Debug|Any CPU
		{339B8EF7-B2A8-4554-B28B-AADBB51B7129}.Debug|Any CPU.Build.0 = Debug|Any CPU
		{339B8EF7-B2A8-4554-B28B-AADBB51B7129}.Release|Any CPU.ActiveCfg = Release|Any CPU
		{339B8EF7-B2A8-4554-B28B-AADBB51B7129}.Release|Any CPU.Build.0 = Release|Any CPU
	EndGlobalSection
	GlobalSection(SolutionProperties) = preSolution
		HideSolutionNode = FALSE
	EndGlobalSection
	GlobalSection(ExtensibilityGlobals) = postSolution
		SolutionGuid = {7469977F-DD11-4220-9D6E-25E9C45E2E16}
	EndGlobalSection
EndGlobal
